<?xml version="1.0" encoding="utf-8"?>
<Project ToolsVersion="17.0" xmlns="http://schemas.microsoft.com/developer/msbuild/2003">
  <ItemGroup>
    <ClCompile Include="D:\Project\Application\FaceRecognitionPart\cmake-3.27.7\Utilities\cmjsoncpp\src\lib_json\json_reader.cpp">
      <Filter>Source Files</Filter>
    </ClCompile>
    <ClCompile Include="D:\Project\Application\FaceRecognitionPart\cmake-3.27.7\Utilities\cmjsoncpp\src\lib_json\json_value.cpp">
      <Filter>Source Files</Filter>
    </ClCompile>
    <ClCompile Include="D:\Project\Application\FaceRecognitionPart\cmake-3.27.7\Utilities\cmjsoncpp\src\lib_json\json_writer.cpp">
      <Filter>Source Files</Filter>
    </ClCompile>
  </ItemGroup>
  <ItemGroup>
    <ClInclude Include="D:\Project\Application\FaceRecognitionPart\cmake-3.27.7\Utilities\cmjsoncpp\src\lib_json\json_tool.h">
      <Filter>Header Files</Filter>
    </ClInclude>
  </ItemGroup>
  <ItemGroup>
    <CustomBuild Include="D:\Project\Application\FaceRecognitionPart\cmake-3.27.7\Utilities\cmjsoncpp\CMakeLists.txt" />
  </ItemGroup>
  <ItemGroup>
    <Filter Include="Header Files">
      <UniqueIdentifier>{2F041D27-F8CE-39D9-8CC1-BE437732C872}</UniqueIdentifier>
    </Filter>
    <Filter Include="Source Files">
      <UniqueIdentifier>{EB76C1A6-7D49-31BE-8DA6-BAA568A908AF}</UniqueIdentifier>
    </Filter>
  </ItemGroup>
</Project>
