<?xml version="1.0" encoding="utf-8"?>
<Project ToolsVersion="17.0" xmlns="http://schemas.microsoft.com/developer/msbuild/2003">
  <ItemGroup>
    <ClCompile Include="D:\Project\Application\FaceRecognitionPart\cmake-3.27.7\Source\kwsys\ProcessWin32.c">
      <Filter>Source Files</Filter>
    </ClCompile>
    <ClCompile Include="D:\Project\Application\FaceRecognitionPart\cmake-3.27.7\Source\kwsys\Base64.c">
      <Filter>Source Files</Filter>
    </ClCompile>
    <ClCompile Include="D:\Project\Application\FaceRecognitionPart\cmake-3.27.7\Source\kwsys\EncodingC.c">
      <Filter>Source Files</Filter>
    </ClCompile>
    <ClCompile Include="D:\Project\Application\FaceRecognitionPart\cmake-3.27.7\Source\kwsys\MD5.c">
      <Filter>Source Files</Filter>
    </ClCompile>
    <ClCompile Include="D:\Project\Application\FaceRecognitionPart\cmake-3.27.7\Source\kwsys\Terminal.c">
      <Filter>Source Files</Filter>
    </ClCompile>
    <ClCompile Include="D:\Project\Application\FaceRecognitionPart\cmake-3.27.7\Source\kwsys\System.c">
      <Filter>Source Files</Filter>
    </ClCompile>
    <ClCompile Include="D:\Project\Application\FaceRecognitionPart\cmake-3.27.7\Source\kwsys\String.c">
      <Filter>Source Files</Filter>
    </ClCompile>
    <ClCompile Include="D:\Project\Application\FaceRecognitionPart\cmake-3.27.7\Source\kwsys\Directory.cxx">
      <Filter>Source Files</Filter>
    </ClCompile>
    <ClCompile Include="D:\Project\Application\FaceRecognitionPart\cmake-3.27.7\Source\kwsys\DynamicLoader.cxx">
      <Filter>Source Files</Filter>
    </ClCompile>
    <ClCompile Include="D:\Project\Application\FaceRecognitionPart\cmake-3.27.7\Source\kwsys\EncodingCXX.cxx">
      <Filter>Source Files</Filter>
    </ClCompile>
    <ClCompile Include="D:\Project\Application\FaceRecognitionPart\cmake-3.27.7\Source\kwsys\Glob.cxx">
      <Filter>Source Files</Filter>
    </ClCompile>
    <ClCompile Include="D:\Project\Application\FaceRecognitionPart\cmake-3.27.7\Source\kwsys\RegularExpression.cxx">
      <Filter>Source Files</Filter>
    </ClCompile>
    <ClCompile Include="D:\Project\Application\FaceRecognitionPart\cmake-3.27.7\Source\kwsys\SystemTools.cxx">
      <Filter>Source Files</Filter>
    </ClCompile>
    <ClCompile Include="D:\Project\Application\FaceRecognitionPart\cmake-3.27.7\Source\kwsys\CommandLineArguments.cxx">
      <Filter>Source Files</Filter>
    </ClCompile>
    <ClCompile Include="D:\Project\Application\FaceRecognitionPart\cmake-3.27.7\Source\kwsys\FStream.cxx">
      <Filter>Source Files</Filter>
    </ClCompile>
    <ClCompile Include="D:\Project\Application\FaceRecognitionPart\cmake-3.27.7\Source\kwsys\SystemInformation.cxx">
      <Filter>Source Files</Filter>
    </ClCompile>
    <ClCompile Include="D:\Project\Application\FaceRecognitionPart\cmake-3.27.7\Source\kwsys\Status.cxx">
      <Filter>Source Files</Filter>
    </ClCompile>
  </ItemGroup>
  <ItemGroup>
    <ClInclude Include="D:\Project\Application\FaceRecognitionPart\myenv\Source\cmsys\Configure.h">
      <Filter>Header Files</Filter>
    </ClInclude>
    <ClInclude Include="D:\Project\Application\FaceRecognitionPart\myenv\Source\cmsys\Process.h">
      <Filter>Header Files</Filter>
    </ClInclude>
    <ClInclude Include="D:\Project\Application\FaceRecognitionPart\myenv\Source\cmsys\Base64.h">
      <Filter>Header Files</Filter>
    </ClInclude>
    <ClInclude Include="D:\Project\Application\FaceRecognitionPart\myenv\Source\cmsys\Encoding.h">
      <Filter>Header Files</Filter>
    </ClInclude>
    <ClInclude Include="D:\Project\Application\FaceRecognitionPart\myenv\Source\cmsys\MD5.h">
      <Filter>Header Files</Filter>
    </ClInclude>
    <ClInclude Include="D:\Project\Application\FaceRecognitionPart\myenv\Source\cmsys\Terminal.h">
      <Filter>Header Files</Filter>
    </ClInclude>
    <ClInclude Include="D:\Project\Application\FaceRecognitionPart\myenv\Source\cmsys\System.h">
      <Filter>Header Files</Filter>
    </ClInclude>
    <ClInclude Include="D:\Project\Application\FaceRecognitionPart\myenv\Source\cmsys\String.h">
      <Filter>Header Files</Filter>
    </ClInclude>
    <ClInclude Include="D:\Project\Application\FaceRecognitionPart\myenv\Source\cmsys\Directory.hxx">
      <Filter>Header Files</Filter>
    </ClInclude>
    <ClInclude Include="D:\Project\Application\FaceRecognitionPart\myenv\Source\cmsys\DynamicLoader.hxx">
      <Filter>Header Files</Filter>
    </ClInclude>
    <ClInclude Include="D:\Project\Application\FaceRecognitionPart\myenv\Source\cmsys\Encoding.hxx">
      <Filter>Header Files</Filter>
    </ClInclude>
    <ClInclude Include="D:\Project\Application\FaceRecognitionPart\myenv\Source\cmsys\Glob.hxx">
      <Filter>Header Files</Filter>
    </ClInclude>
    <ClInclude Include="D:\Project\Application\FaceRecognitionPart\myenv\Source\cmsys\RegularExpression.hxx">
      <Filter>Header Files</Filter>
    </ClInclude>
    <ClInclude Include="D:\Project\Application\FaceRecognitionPart\myenv\Source\cmsys\SystemTools.hxx">
      <Filter>Header Files</Filter>
    </ClInclude>
    <ClInclude Include="D:\Project\Application\FaceRecognitionPart\myenv\Source\cmsys\CommandLineArguments.hxx">
      <Filter>Header Files</Filter>
    </ClInclude>
    <ClInclude Include="D:\Project\Application\FaceRecognitionPart\myenv\Source\cmsys\FStream.hxx">
      <Filter>Header Files</Filter>
    </ClInclude>
    <ClInclude Include="D:\Project\Application\FaceRecognitionPart\myenv\Source\cmsys\SystemInformation.hxx">
      <Filter>Header Files</Filter>
    </ClInclude>
    <ClInclude Include="D:\Project\Application\FaceRecognitionPart\myenv\Source\cmsys\ConsoleBuf.hxx">
      <Filter>Header Files</Filter>
    </ClInclude>
    <ClInclude Include="D:\Project\Application\FaceRecognitionPart\myenv\Source\cmsys\Status.hxx">
      <Filter>Header Files</Filter>
    </ClInclude>
    <ClInclude Include="D:\Project\Application\FaceRecognitionPart\myenv\Source\cmsys\Configure.hxx">
      <Filter>Header Files</Filter>
    </ClInclude>
  </ItemGroup>
  <ItemGroup>
    <CustomBuild Include="D:\Project\Application\FaceRecognitionPart\cmake-3.27.7\Source\kwsys\CMakeLists.txt" />
  </ItemGroup>
  <ItemGroup>
    <Filter Include="Header Files">
      <UniqueIdentifier>{2F041D27-F8CE-39D9-8CC1-BE437732C872}</UniqueIdentifier>
    </Filter>
    <Filter Include="Source Files">
      <UniqueIdentifier>{EB76C1A6-7D49-31BE-8DA6-BAA568A908AF}</UniqueIdentifier>
    </Filter>
  </ItemGroup>
</Project>
