
Microsoft Visual Studio Solution File, Format Version 12.00
# Visual Studio Version 17
Project("{2150E333-8FDC-42A3-9474-1A3956D46DE8}") = "CMakePredefinedTargets", "CMakePredefinedTargets", "{9C391E7B-4B98-319D-8545-181D87BFF04A}"
EndProject
Project("{2150E333-8FDC-42A3-9474-1A3956D46DE8}") = "Utilities", "Utilities", "{02E0E225-CDEC-3980-B3D2-8DDAADCAAFFB}"
EndProject
Project("{2150E333-8FDC-42A3-9474-1A3956D46DE8}") = "KWSys", "Utilities\KWSys", "{60AE48DE-703B-3214-9658-3A7A55A0A6B7}"
EndProject
Project("{8BC9CEB8-8B4A-11D0-8D11-00A0C91BC942}") = "ALL_BUILD", "ALL_BUILD.vcxproj", "{1773F080-BE3B-3B43-A9C5-312D1AEA66AB}"
	ProjectSection(ProjectDependencies) = postProject
		{CD3A8B89-3BAF-36C4-A400-D35BFDA45047} = {CD3A8B89-3BAF-36C4-A400-D35BFDA45047}
		{5855ABAB-630D-3166-80BD-59EAA125A5DF} = {5855ABAB-630D-3166-80BD-59EAA125A5DF}
		{E4F31859-A260-3203-98F9-072A4AF2DF96} = {E4F31859-A260-3203-98F9-072A4AF2DF96}
		{510561E6-9D66-3A92-8397-4E0A4359376E} = {510561E6-9D66-3A92-8397-4E0A4359376E}
		{9A896FAE-BA92-3852-ADA5-EE7901864457} = {9A896FAE-BA92-3852-ADA5-EE7901864457}
		{274263D7-F82E-3ADB-91AE-27C1E7E24393} = {274263D7-F82E-3ADB-91AE-27C1E7E24393}
		{D9477056-9DC1-3E14-9D55-DF5EE551EFB8} = {D9477056-9DC1-3E14-9D55-DF5EE551EFB8}
		{E4A9E975-57AC-38B3-93A9-3390FBE52015} = {E4A9E975-57AC-38B3-93A9-3390FBE52015}
		{BA07724C-8F02-3EE1-8066-9DB420854533} = {BA07724C-8F02-3EE1-8066-9DB420854533}
		{CD5D47A2-EC9F-3F9F-B277-BCF17693A4F2} = {CD5D47A2-EC9F-3F9F-B277-BCF17693A4F2}
	EndProjectSection
EndProject
Project("{8BC9CEB8-8B4A-11D0-8D11-00A0C91BC942}") = "INSTALL", "INSTALL.vcxproj", "{61C176D9-7177-3C55-9549-025AE17B3AF4}"
	ProjectSection(ProjectDependencies) = postProject
		{1773F080-BE3B-3B43-A9C5-312D1AEA66AB} = {1773F080-BE3B-3B43-A9C5-312D1AEA66AB}
		{CD3A8B89-3BAF-36C4-A400-D35BFDA45047} = {CD3A8B89-3BAF-36C4-A400-D35BFDA45047}
	EndProjectSection
EndProject
Project("{8BC9CEB8-8B4A-11D0-8D11-00A0C91BC942}") = "PACKAGE", "PACKAGE.vcxproj", "{25EB2661-069A-30F1-B688-28DB50F8B7E1}"
	ProjectSection(ProjectDependencies) = postProject
		{1773F080-BE3B-3B43-A9C5-312D1AEA66AB} = {1773F080-BE3B-3B43-A9C5-312D1AEA66AB}
		{CD3A8B89-3BAF-36C4-A400-D35BFDA45047} = {CD3A8B89-3BAF-36C4-A400-D35BFDA45047}
	EndProjectSection
EndProject
Project("{8BC9CEB8-8B4A-11D0-8D11-00A0C91BC942}") = "RUN_TESTS", "RUN_TESTS.vcxproj", "{C7A8C420-BBD5-3047-AEF8-05239B2856B1}"
	ProjectSection(ProjectDependencies) = postProject
		{CD3A8B89-3BAF-36C4-A400-D35BFDA45047} = {CD3A8B89-3BAF-36C4-A400-D35BFDA45047}
	EndProjectSection
EndProject
Project("{8BC9CEB8-8B4A-11D0-8D11-00A0C91BC942}") = "ZERO_CHECK", "..\..\\ZERO_CHECK.vcxproj", "{CD3A8B89-3BAF-36C4-A400-D35BFDA45047}"
	ProjectSection(ProjectDependencies) = postProject
	EndProjectSection
EndProject
Project("{8BC9CEB8-8B4A-11D0-8D11-00A0C91BC942}") = "cmsys", "cmsys.vcxproj", "{5855ABAB-630D-3166-80BD-59EAA125A5DF}"
	ProjectSection(ProjectDependencies) = postProject
		{CD3A8B89-3BAF-36C4-A400-D35BFDA45047} = {CD3A8B89-3BAF-36C4-A400-D35BFDA45047}
	EndProjectSection
EndProject
Project("{8BC9CEB8-8B4A-11D0-8D11-00A0C91BC942}") = "cmsysTestDynload", "cmsysTestDynload.vcxproj", "{E4F31859-A260-3203-98F9-072A4AF2DF96}"
	ProjectSection(ProjectDependencies) = postProject
		{CD3A8B89-3BAF-36C4-A400-D35BFDA45047} = {CD3A8B89-3BAF-36C4-A400-D35BFDA45047}
		{5855ABAB-630D-3166-80BD-59EAA125A5DF} = {5855ABAB-630D-3166-80BD-59EAA125A5DF}
	EndProjectSection
EndProject
Project("{8BC9CEB8-8B4A-11D0-8D11-00A0C91BC942}") = "cmsysTestDynloadImpl", "cmsysTestDynloadImpl.vcxproj", "{510561E6-9D66-3A92-8397-4E0A4359376E}"
	ProjectSection(ProjectDependencies) = postProject
		{CD3A8B89-3BAF-36C4-A400-D35BFDA45047} = {CD3A8B89-3BAF-36C4-A400-D35BFDA45047}
		{5855ABAB-630D-3166-80BD-59EAA125A5DF} = {5855ABAB-630D-3166-80BD-59EAA125A5DF}
	EndProjectSection
EndProject
Project("{8BC9CEB8-8B4A-11D0-8D11-00A0C91BC942}") = "cmsysTestDynloadUse", "cmsysTestDynloadUse.vcxproj", "{9A896FAE-BA92-3852-ADA5-EE7901864457}"
	ProjectSection(ProjectDependencies) = postProject
		{CD3A8B89-3BAF-36C4-A400-D35BFDA45047} = {CD3A8B89-3BAF-36C4-A400-D35BFDA45047}
		{5855ABAB-630D-3166-80BD-59EAA125A5DF} = {5855ABAB-630D-3166-80BD-59EAA125A5DF}
		{510561E6-9D66-3A92-8397-4E0A4359376E} = {510561E6-9D66-3A92-8397-4E0A4359376E}
	EndProjectSection
EndProject
Project("{8BC9CEB8-8B4A-11D0-8D11-00A0C91BC942}") = "cmsysTestProcess", "cmsysTestProcess.vcxproj", "{274263D7-F82E-3ADB-91AE-27C1E7E24393}"
	ProjectSection(ProjectDependencies) = postProject
		{CD3A8B89-3BAF-36C4-A400-D35BFDA45047} = {CD3A8B89-3BAF-36C4-A400-D35BFDA45047}
		{BA07724C-8F02-3EE1-8066-9DB420854533} = {BA07724C-8F02-3EE1-8066-9DB420854533}
	EndProjectSection
EndProject
Project("{8BC9CEB8-8B4A-11D0-8D11-00A0C91BC942}") = "cmsysTestsC", "cmsysTestsC.vcxproj", "{D9477056-9DC1-3E14-9D55-DF5EE551EFB8}"
	ProjectSection(ProjectDependencies) = postProject
		{CD3A8B89-3BAF-36C4-A400-D35BFDA45047} = {CD3A8B89-3BAF-36C4-A400-D35BFDA45047}
		{BA07724C-8F02-3EE1-8066-9DB420854533} = {BA07724C-8F02-3EE1-8066-9DB420854533}
	EndProjectSection
EndProject
Project("{8BC9CEB8-8B4A-11D0-8D11-00A0C91BC942}") = "cmsysTestsCxx", "cmsysTestsCxx.vcxproj", "{E4A9E975-57AC-38B3-93A9-3390FBE52015}"
	ProjectSection(ProjectDependencies) = postProject
		{CD3A8B89-3BAF-36C4-A400-D35BFDA45047} = {CD3A8B89-3BAF-36C4-A400-D35BFDA45047}
		{5855ABAB-630D-3166-80BD-59EAA125A5DF} = {5855ABAB-630D-3166-80BD-59EAA125A5DF}
	EndProjectSection
EndProject
Project("{8BC9CEB8-8B4A-11D0-8D11-00A0C91BC942}") = "cmsys_c", "cmsys_c.vcxproj", "{BA07724C-8F02-3EE1-8066-9DB420854533}"
	ProjectSection(ProjectDependencies) = postProject
		{CD3A8B89-3BAF-36C4-A400-D35BFDA45047} = {CD3A8B89-3BAF-36C4-A400-D35BFDA45047}
	EndProjectSection
EndProject
Project("{8BC9CEB8-8B4A-11D0-8D11-00A0C91BC942}") = "testConsoleBufChild", "testConsoleBufChild.vcxproj", "{CD5D47A2-EC9F-3F9F-B277-BCF17693A4F2}"
	ProjectSection(ProjectDependencies) = postProject
		{CD3A8B89-3BAF-36C4-A400-D35BFDA45047} = {CD3A8B89-3BAF-36C4-A400-D35BFDA45047}
		{5855ABAB-630D-3166-80BD-59EAA125A5DF} = {5855ABAB-630D-3166-80BD-59EAA125A5DF}
	EndProjectSection
EndProject
Global
	GlobalSection(SolutionConfigurationPlatforms) = preSolution
		Debug|x64 = Debug|x64
		Release|x64 = Release|x64
		MinSizeRel|x64 = MinSizeRel|x64
		RelWithDebInfo|x64 = RelWithDebInfo|x64
	EndGlobalSection
	GlobalSection(ProjectConfigurationPlatforms) = postSolution
		{1773F080-BE3B-3B43-A9C5-312D1AEA66AB}.Debug|x64.ActiveCfg = Debug|x64
		{1773F080-BE3B-3B43-A9C5-312D1AEA66AB}.Debug|x64.Build.0 = Debug|x64
		{1773F080-BE3B-3B43-A9C5-312D1AEA66AB}.Release|x64.ActiveCfg = Release|x64
		{1773F080-BE3B-3B43-A9C5-312D1AEA66AB}.Release|x64.Build.0 = Release|x64
		{1773F080-BE3B-3B43-A9C5-312D1AEA66AB}.MinSizeRel|x64.ActiveCfg = MinSizeRel|x64
		{1773F080-BE3B-3B43-A9C5-312D1AEA66AB}.MinSizeRel|x64.Build.0 = MinSizeRel|x64
		{1773F080-BE3B-3B43-A9C5-312D1AEA66AB}.RelWithDebInfo|x64.ActiveCfg = RelWithDebInfo|x64
		{1773F080-BE3B-3B43-A9C5-312D1AEA66AB}.RelWithDebInfo|x64.Build.0 = RelWithDebInfo|x64
		{61C176D9-7177-3C55-9549-025AE17B3AF4}.Debug|x64.ActiveCfg = Debug|x64
		{61C176D9-7177-3C55-9549-025AE17B3AF4}.Release|x64.ActiveCfg = Release|x64
		{61C176D9-7177-3C55-9549-025AE17B3AF4}.MinSizeRel|x64.ActiveCfg = MinSizeRel|x64
		{61C176D9-7177-3C55-9549-025AE17B3AF4}.RelWithDebInfo|x64.ActiveCfg = RelWithDebInfo|x64
		{25EB2661-069A-30F1-B688-28DB50F8B7E1}.Debug|x64.ActiveCfg = Debug|x64
		{25EB2661-069A-30F1-B688-28DB50F8B7E1}.Release|x64.ActiveCfg = Release|x64
		{25EB2661-069A-30F1-B688-28DB50F8B7E1}.MinSizeRel|x64.ActiveCfg = MinSizeRel|x64
		{25EB2661-069A-30F1-B688-28DB50F8B7E1}.RelWithDebInfo|x64.ActiveCfg = RelWithDebInfo|x64
		{C7A8C420-BBD5-3047-AEF8-05239B2856B1}.Debug|x64.ActiveCfg = Debug|x64
		{C7A8C420-BBD5-3047-AEF8-05239B2856B1}.Release|x64.ActiveCfg = Release|x64
		{C7A8C420-BBD5-3047-AEF8-05239B2856B1}.MinSizeRel|x64.ActiveCfg = MinSizeRel|x64
		{C7A8C420-BBD5-3047-AEF8-05239B2856B1}.RelWithDebInfo|x64.ActiveCfg = RelWithDebInfo|x64
		{CD3A8B89-3BAF-36C4-A400-D35BFDA45047}.Debug|x64.ActiveCfg = Debug|x64
		{CD3A8B89-3BAF-36C4-A400-D35BFDA45047}.Debug|x64.Build.0 = Debug|x64
		{CD3A8B89-3BAF-36C4-A400-D35BFDA45047}.Release|x64.ActiveCfg = Release|x64
		{CD3A8B89-3BAF-36C4-A400-D35BFDA45047}.Release|x64.Build.0 = Release|x64
		{CD3A8B89-3BAF-36C4-A400-D35BFDA45047}.MinSizeRel|x64.ActiveCfg = MinSizeRel|x64
		{CD3A8B89-3BAF-36C4-A400-D35BFDA45047}.MinSizeRel|x64.Build.0 = MinSizeRel|x64
		{CD3A8B89-3BAF-36C4-A400-D35BFDA45047}.RelWithDebInfo|x64.ActiveCfg = RelWithDebInfo|x64
		{CD3A8B89-3BAF-36C4-A400-D35BFDA45047}.RelWithDebInfo|x64.Build.0 = RelWithDebInfo|x64
		{5855ABAB-630D-3166-80BD-59EAA125A5DF}.Debug|x64.ActiveCfg = Debug|x64
		{5855ABAB-630D-3166-80BD-59EAA125A5DF}.Debug|x64.Build.0 = Debug|x64
		{5855ABAB-630D-3166-80BD-59EAA125A5DF}.Release|x64.ActiveCfg = Release|x64
		{5855ABAB-630D-3166-80BD-59EAA125A5DF}.Release|x64.Build.0 = Release|x64
		{5855ABAB-630D-3166-80BD-59EAA125A5DF}.MinSizeRel|x64.ActiveCfg = MinSizeRel|x64
		{5855ABAB-630D-3166-80BD-59EAA125A5DF}.MinSizeRel|x64.Build.0 = MinSizeRel|x64
		{5855ABAB-630D-3166-80BD-59EAA125A5DF}.RelWithDebInfo|x64.ActiveCfg = RelWithDebInfo|x64
		{5855ABAB-630D-3166-80BD-59EAA125A5DF}.RelWithDebInfo|x64.Build.0 = RelWithDebInfo|x64
		{E4F31859-A260-3203-98F9-072A4AF2DF96}.Debug|x64.ActiveCfg = Debug|x64
		{E4F31859-A260-3203-98F9-072A4AF2DF96}.Debug|x64.Build.0 = Debug|x64
		{E4F31859-A260-3203-98F9-072A4AF2DF96}.Release|x64.ActiveCfg = Release|x64
		{E4F31859-A260-3203-98F9-072A4AF2DF96}.Release|x64.Build.0 = Release|x64
		{E4F31859-A260-3203-98F9-072A4AF2DF96}.MinSizeRel|x64.ActiveCfg = MinSizeRel|x64
		{E4F31859-A260-3203-98F9-072A4AF2DF96}.MinSizeRel|x64.Build.0 = MinSizeRel|x64
		{E4F31859-A260-3203-98F9-072A4AF2DF96}.RelWithDebInfo|x64.ActiveCfg = RelWithDebInfo|x64
		{E4F31859-A260-3203-98F9-072A4AF2DF96}.RelWithDebInfo|x64.Build.0 = RelWithDebInfo|x64
		{510561E6-9D66-3A92-8397-4E0A4359376E}.Debug|x64.ActiveCfg = Debug|x64
		{510561E6-9D66-3A92-8397-4E0A4359376E}.Debug|x64.Build.0 = Debug|x64
		{510561E6-9D66-3A92-8397-4E0A4359376E}.Release|x64.ActiveCfg = Release|x64
		{510561E6-9D66-3A92-8397-4E0A4359376E}.Release|x64.Build.0 = Release|x64
		{510561E6-9D66-3A92-8397-4E0A4359376E}.MinSizeRel|x64.ActiveCfg = MinSizeRel|x64
		{510561E6-9D66-3A92-8397-4E0A4359376E}.MinSizeRel|x64.Build.0 = MinSizeRel|x64
		{510561E6-9D66-3A92-8397-4E0A4359376E}.RelWithDebInfo|x64.ActiveCfg = RelWithDebInfo|x64
		{510561E6-9D66-3A92-8397-4E0A4359376E}.RelWithDebInfo|x64.Build.0 = RelWithDebInfo|x64
		{9A896FAE-BA92-3852-ADA5-EE7901864457}.Debug|x64.ActiveCfg = Debug|x64
		{9A896FAE-BA92-3852-ADA5-EE7901864457}.Debug|x64.Build.0 = Debug|x64
		{9A896FAE-BA92-3852-ADA5-EE7901864457}.Release|x64.ActiveCfg = Release|x64
		{9A896FAE-BA92-3852-ADA5-EE7901864457}.Release|x64.Build.0 = Release|x64
		{9A896FAE-BA92-3852-ADA5-EE7901864457}.MinSizeRel|x64.ActiveCfg = MinSizeRel|x64
		{9A896FAE-BA92-3852-ADA5-EE7901864457}.MinSizeRel|x64.Build.0 = MinSizeRel|x64
		{9A896FAE-BA92-3852-ADA5-EE7901864457}.RelWithDebInfo|x64.ActiveCfg = RelWithDebInfo|x64
		{9A896FAE-BA92-3852-ADA5-EE7901864457}.RelWithDebInfo|x64.Build.0 = RelWithDebInfo|x64
		{274263D7-F82E-3ADB-91AE-27C1E7E24393}.Debug|x64.ActiveCfg = Debug|x64
		{274263D7-F82E-3ADB-91AE-27C1E7E24393}.Debug|x64.Build.0 = Debug|x64
		{274263D7-F82E-3ADB-91AE-27C1E7E24393}.Release|x64.ActiveCfg = Release|x64
		{274263D7-F82E-3ADB-91AE-27C1E7E24393}.Release|x64.Build.0 = Release|x64
		{274263D7-F82E-3ADB-91AE-27C1E7E24393}.MinSizeRel|x64.ActiveCfg = MinSizeRel|x64
		{274263D7-F82E-3ADB-91AE-27C1E7E24393}.MinSizeRel|x64.Build.0 = MinSizeRel|x64
		{274263D7-F82E-3ADB-91AE-27C1E7E24393}.RelWithDebInfo|x64.ActiveCfg = RelWithDebInfo|x64
		{274263D7-F82E-3ADB-91AE-27C1E7E24393}.RelWithDebInfo|x64.Build.0 = RelWithDebInfo|x64
		{D9477056-9DC1-3E14-9D55-DF5EE551EFB8}.Debug|x64.ActiveCfg = Debug|x64
		{D9477056-9DC1-3E14-9D55-DF5EE551EFB8}.Debug|x64.Build.0 = Debug|x64
		{D9477056-9DC1-3E14-9D55-DF5EE551EFB8}.Release|x64.ActiveCfg = Release|x64
		{D9477056-9DC1-3E14-9D55-DF5EE551EFB8}.Release|x64.Build.0 = Release|x64
		{D9477056-9DC1-3E14-9D55-DF5EE551EFB8}.MinSizeRel|x64.ActiveCfg = MinSizeRel|x64
		{D9477056-9DC1-3E14-9D55-DF5EE551EFB8}.MinSizeRel|x64.Build.0 = MinSizeRel|x64
		{D9477056-9DC1-3E14-9D55-DF5EE551EFB8}.RelWithDebInfo|x64.ActiveCfg = RelWithDebInfo|x64
		{D9477056-9DC1-3E14-9D55-DF5EE551EFB8}.RelWithDebInfo|x64.Build.0 = RelWithDebInfo|x64
		{E4A9E975-57AC-38B3-93A9-3390FBE52015}.Debug|x64.ActiveCfg = Debug|x64
		{E4A9E975-57AC-38B3-93A9-3390FBE52015}.Debug|x64.Build.0 = Debug|x64
		{E4A9E975-57AC-38B3-93A9-3390FBE52015}.Release|x64.ActiveCfg = Release|x64
		{E4A9E975-57AC-38B3-93A9-3390FBE52015}.Release|x64.Build.0 = Release|x64
		{E4A9E975-57AC-38B3-93A9-3390FBE52015}.MinSizeRel|x64.ActiveCfg = MinSizeRel|x64
		{E4A9E975-57AC-38B3-93A9-3390FBE52015}.MinSizeRel|x64.Build.0 = MinSizeRel|x64
		{E4A9E975-57AC-38B3-93A9-3390FBE52015}.RelWithDebInfo|x64.ActiveCfg = RelWithDebInfo|x64
		{E4A9E975-57AC-38B3-93A9-3390FBE52015}.RelWithDebInfo|x64.Build.0 = RelWithDebInfo|x64
		{BA07724C-8F02-3EE1-8066-9DB420854533}.Debug|x64.ActiveCfg = Debug|x64
		{BA07724C-8F02-3EE1-8066-9DB420854533}.Debug|x64.Build.0 = Debug|x64
		{BA07724C-8F02-3EE1-8066-9DB420854533}.Release|x64.ActiveCfg = Release|x64
		{BA07724C-8F02-3EE1-8066-9DB420854533}.Release|x64.Build.0 = Release|x64
		{BA07724C-8F02-3EE1-8066-9DB420854533}.MinSizeRel|x64.ActiveCfg = MinSizeRel|x64
		{BA07724C-8F02-3EE1-8066-9DB420854533}.MinSizeRel|x64.Build.0 = MinSizeRel|x64
		{BA07724C-8F02-3EE1-8066-9DB420854533}.RelWithDebInfo|x64.ActiveCfg = RelWithDebInfo|x64
		{BA07724C-8F02-3EE1-8066-9DB420854533}.RelWithDebInfo|x64.Build.0 = RelWithDebInfo|x64
		{CD5D47A2-EC9F-3F9F-B277-BCF17693A4F2}.Debug|x64.ActiveCfg = Debug|x64
		{CD5D47A2-EC9F-3F9F-B277-BCF17693A4F2}.Debug|x64.Build.0 = Debug|x64
		{CD5D47A2-EC9F-3F9F-B277-BCF17693A4F2}.Release|x64.ActiveCfg = Release|x64
		{CD5D47A2-EC9F-3F9F-B277-BCF17693A4F2}.Release|x64.Build.0 = Release|x64
		{CD5D47A2-EC9F-3F9F-B277-BCF17693A4F2}.MinSizeRel|x64.ActiveCfg = MinSizeRel|x64
		{CD5D47A2-EC9F-3F9F-B277-BCF17693A4F2}.MinSizeRel|x64.Build.0 = MinSizeRel|x64
		{CD5D47A2-EC9F-3F9F-B277-BCF17693A4F2}.RelWithDebInfo|x64.ActiveCfg = RelWithDebInfo|x64
		{CD5D47A2-EC9F-3F9F-B277-BCF17693A4F2}.RelWithDebInfo|x64.Build.0 = RelWithDebInfo|x64
	EndGlobalSection
	GlobalSection(NestedProjects) = preSolution
		{1773F080-BE3B-3B43-A9C5-312D1AEA66AB} = {9C391E7B-4B98-319D-8545-181D87BFF04A}
		{61C176D9-7177-3C55-9549-025AE17B3AF4} = {9C391E7B-4B98-319D-8545-181D87BFF04A}
		{25EB2661-069A-30F1-B688-28DB50F8B7E1} = {9C391E7B-4B98-319D-8545-181D87BFF04A}
		{C7A8C420-BBD5-3047-AEF8-05239B2856B1} = {9C391E7B-4B98-319D-8545-181D87BFF04A}
		{CD3A8B89-3BAF-36C4-A400-D35BFDA45047} = {9C391E7B-4B98-319D-8545-181D87BFF04A}
		{60AE48DE-703B-3214-9658-3A7A55A0A6B7} = {02E0E225-CDEC-3980-B3D2-8DDAADCAAFFB}
		{5855ABAB-630D-3166-80BD-59EAA125A5DF} = {60AE48DE-703B-3214-9658-3A7A55A0A6B7}
		{E4F31859-A260-3203-98F9-072A4AF2DF96} = {60AE48DE-703B-3214-9658-3A7A55A0A6B7}
		{274263D7-F82E-3ADB-91AE-27C1E7E24393} = {60AE48DE-703B-3214-9658-3A7A55A0A6B7}
		{D9477056-9DC1-3E14-9D55-DF5EE551EFB8} = {60AE48DE-703B-3214-9658-3A7A55A0A6B7}
		{E4A9E975-57AC-38B3-93A9-3390FBE52015} = {60AE48DE-703B-3214-9658-3A7A55A0A6B7}
		{BA07724C-8F02-3EE1-8066-9DB420854533} = {60AE48DE-703B-3214-9658-3A7A55A0A6B7}
	EndGlobalSection
	GlobalSection(ExtensibilityGlobals) = postSolution
		SolutionGuid = {4C155769-0626-3D2F-9432-6C17F4645DC7}
	EndGlobalSection
	GlobalSection(ExtensibilityAddIns) = postSolution
	EndGlobalSection
EndGlobal
