<?xml version="1.0" encoding="utf-8"?>
<Project ToolsVersion="17.0" xmlns="http://schemas.microsoft.com/developer/msbuild/2003">
  <ItemGroup>
    <ClCompile Include="D:\Project\Application\FaceRecognitionPart\cmake-3.27.7\Utilities\std\cm\bits\fs_path.cxx">
      <Filter>Source Files</Filter>
    </ClCompile>
    <ClCompile Include="D:\Project\Application\FaceRecognitionPart\cmake-3.27.7\Utilities\std\cm\bits\string_view.cxx">
      <Filter>Source Files</Filter>
    </ClCompile>
  </ItemGroup>
  <ItemGroup>
    <CustomBuild Include="D:\Project\Application\FaceRecognitionPart\cmake-3.27.7\Utilities\std\CMakeLists.txt" />
  </ItemGroup>
  <ItemGroup>
    <None Include="D:\Project\Application\FaceRecognitionPart\cmake-3.27.7\Utilities\std\cm\filesystem" />
    <None Include="D:\Project\Application\FaceRecognitionPart\cmake-3.27.7\Utilities\std\cm\memory" />
    <None Include="D:\Project\Application\FaceRecognitionPart\cmake-3.27.7\Utilities\std\cm\optional" />
    <None Include="D:\Project\Application\FaceRecognitionPart\cmake-3.27.7\Utilities\std\cm\shared_mutex" />
    <None Include="D:\Project\Application\FaceRecognitionPart\cmake-3.27.7\Utilities\std\cm\string_view" />
    <None Include="D:\Project\Application\FaceRecognitionPart\cmake-3.27.7\Utilities\std\cm\utility" />
    <None Include="D:\Project\Application\FaceRecognitionPart\cmake-3.27.7\Utilities\std\cmext\string_view" />
  </ItemGroup>
  <ItemGroup>
    <Filter Include="Source Files">
      <UniqueIdentifier>{EB76C1A6-7D49-31BE-8DA6-BAA568A908AF}</UniqueIdentifier>
    </Filter>
  </ItemGroup>
</Project>
