
Microsoft Visual Studio Solution File, Format Version 12.00
# Visual Studio Version 17
VisualStudioVersion = 17.7.34031.279
MinimumVisualStudioVersion = 10.0.40219.1
Project("{FAE04EC0-301F-11D3-BF4B-00C04F79EFBC}") = "CriminalReportingSystem", "CriminalReportingSystem\CriminalReportingSystem.csproj", "{52BDEFDB-A7F5-4E48-BDA0-AF1667C0EF93}"
EndProject
Global
	GlobalSection(SolutionConfigurationPlatforms) = preSolution
		Debug|Any CPU = Debug|Any CPU
		Release|Any CPU = Release|Any CPU
	EndGlobalSection
	GlobalSection(ProjectConfigurationPlatforms) = postSolution
		{52BDEFDB-A7F5-4E48-BDA0-AF1667C0EF93}.Debug|Any CPU.ActiveCfg = Debug|Any CPU
		{52BDEFDB-A7F5-4E48-BDA0-AF1667C0EF93}.Debug|Any CPU.Build.0 = Debug|Any CPU
		{52BDEFDB-A7F5-4E48-BDA0-AF1667C0EF93}.Release|Any CPU.ActiveCfg = Release|Any CPU
		{52BDEFDB-A7F5-4E48-BDA0-AF1667C0EF93}.Release|Any CPU.Build.0 = Release|Any CPU
	EndGlobalSection
	GlobalSection(SolutionProperties) = preSolution
		HideSolutionNode = FALSE
	EndGlobalSection
	GlobalSection(ExtensibilityGlobals) = postSolution
		SolutionGuid = {9E4308FE-624C-4106-A23F-B45C118358F9}
	EndGlobalSection
EndGlobal
