
Microsoft Visual Studio Solution File, Format Version 12.00
# Visual Studio Version 17
Project("{2150E333-8FDC-42A3-9474-1A3956D46DE8}") = "CMakePredefinedTargets", "CMakePredefinedTargets", "{9C391E7B-4B98-319D-8545-181D87BFF04A}"
EndProject
Project("{8BC9CEB8-8B4A-11D0-8D11-00A0C91BC942}") = "ALL_BUILD", "ALL_BUILD.vcxproj", "{1773F080-BE3B-3B43-A9C5-312D1AEA66AB}"
	ProjectSection(ProjectDependencies) = postProject
		{CD3A8B89-3BAF-36C4-A400-D35BFDA45047} = {CD3A8B89-3BAF-36C4-A400-D35BFDA45047}
	EndProjectSection
EndProject
Project("{8BC9CEB8-8B4A-11D0-8D11-00A0C91BC942}") = "INSTALL", "INSTALL.vcxproj", "{61C176D9-7177-3C55-9549-025AE17B3AF4}"
	ProjectSection(ProjectDependencies) = postProject
		{1773F080-BE3B-3B43-A9C5-312D1AEA66AB} = {1773F080-BE3B-3B43-A9C5-312D1AEA66AB}
		{CD3A8B89-3BAF-36C4-A400-D35BFDA45047} = {CD3A8B89-3BAF-36C4-A400-D35BFDA45047}
	EndProjectSection
EndProject
Project("{8BC9CEB8-8B4A-11D0-8D11-00A0C91BC942}") = "PACKAGE", "PACKAGE.vcxproj", "{25EB2661-069A-30F1-B688-28DB50F8B7E1}"
	ProjectSection(ProjectDependencies) = postProject
		{1773F080-BE3B-3B43-A9C5-312D1AEA66AB} = {1773F080-BE3B-3B43-A9C5-312D1AEA66AB}
		{CD3A8B89-3BAF-36C4-A400-D35BFDA45047} = {CD3A8B89-3BAF-36C4-A400-D35BFDA45047}
	EndProjectSection
EndProject
Project("{8BC9CEB8-8B4A-11D0-8D11-00A0C91BC942}") = "RUN_TESTS", "RUN_TESTS.vcxproj", "{C7A8C420-BBD5-3047-AEF8-05239B2856B1}"
	ProjectSection(ProjectDependencies) = postProject
		{CD3A8B89-3BAF-36C4-A400-D35BFDA45047} = {CD3A8B89-3BAF-36C4-A400-D35BFDA45047}
	EndProjectSection
EndProject
Project("{8BC9CEB8-8B4A-11D0-8D11-00A0C91BC942}") = "ZERO_CHECK", "..\..\\ZERO_CHECK.vcxproj", "{CD3A8B89-3BAF-36C4-A400-D35BFDA45047}"
	ProjectSection(ProjectDependencies) = postProject
	EndProjectSection
EndProject
Global
	GlobalSection(SolutionConfigurationPlatforms) = preSolution
		Debug|x64 = Debug|x64
		Release|x64 = Release|x64
		MinSizeRel|x64 = MinSizeRel|x64
		RelWithDebInfo|x64 = RelWithDebInfo|x64
	EndGlobalSection
	GlobalSection(ProjectConfigurationPlatforms) = postSolution
		{1773F080-BE3B-3B43-A9C5-312D1AEA66AB}.Debug|x64.ActiveCfg = Debug|x64
		{1773F080-BE3B-3B43-A9C5-312D1AEA66AB}.Debug|x64.Build.0 = Debug|x64
		{1773F080-BE3B-3B43-A9C5-312D1AEA66AB}.Release|x64.ActiveCfg = Release|x64
		{1773F080-BE3B-3B43-A9C5-312D1AEA66AB}.Release|x64.Build.0 = Release|x64
		{1773F080-BE3B-3B43-A9C5-312D1AEA66AB}.MinSizeRel|x64.ActiveCfg = MinSizeRel|x64
		{1773F080-BE3B-3B43-A9C5-312D1AEA66AB}.MinSizeRel|x64.Build.0 = MinSizeRel|x64
		{1773F080-BE3B-3B43-A9C5-312D1AEA66AB}.RelWithDebInfo|x64.ActiveCfg = RelWithDebInfo|x64
		{1773F080-BE3B-3B43-A9C5-312D1AEA66AB}.RelWithDebInfo|x64.Build.0 = RelWithDebInfo|x64
		{61C176D9-7177-3C55-9549-025AE17B3AF4}.Debug|x64.ActiveCfg = Debug|x64
		{61C176D9-7177-3C55-9549-025AE17B3AF4}.Release|x64.ActiveCfg = Release|x64
		{61C176D9-7177-3C55-9549-025AE17B3AF4}.MinSizeRel|x64.ActiveCfg = MinSizeRel|x64
		{61C176D9-7177-3C55-9549-025AE17B3AF4}.RelWithDebInfo|x64.ActiveCfg = RelWithDebInfo|x64
		{25EB2661-069A-30F1-B688-28DB50F8B7E1}.Debug|x64.ActiveCfg = Debug|x64
		{25EB2661-069A-30F1-B688-28DB50F8B7E1}.Release|x64.ActiveCfg = Release|x64
		{25EB2661-069A-30F1-B688-28DB50F8B7E1}.MinSizeRel|x64.ActiveCfg = MinSizeRel|x64
		{25EB2661-069A-30F1-B688-28DB50F8B7E1}.RelWithDebInfo|x64.ActiveCfg = RelWithDebInfo|x64
		{C7A8C420-BBD5-3047-AEF8-05239B2856B1}.Debug|x64.ActiveCfg = Debug|x64
		{C7A8C420-BBD5-3047-AEF8-05239B2856B1}.Release|x64.ActiveCfg = Release|x64
		{C7A8C420-BBD5-3047-AEF8-05239B2856B1}.MinSizeRel|x64.ActiveCfg = MinSizeRel|x64
		{C7A8C420-BBD5-3047-AEF8-05239B2856B1}.RelWithDebInfo|x64.ActiveCfg = RelWithDebInfo|x64
		{CD3A8B89-3BAF-36C4-A400-D35BFDA45047}.Debug|x64.ActiveCfg = Debug|x64
		{CD3A8B89-3BAF-36C4-A400-D35BFDA45047}.Debug|x64.Build.0 = Debug|x64
		{CD3A8B89-3BAF-36C4-A400-D35BFDA45047}.Release|x64.ActiveCfg = Release|x64
		{CD3A8B89-3BAF-36C4-A400-D35BFDA45047}.Release|x64.Build.0 = Release|x64
		{CD3A8B89-3BAF-36C4-A400-D35BFDA45047}.MinSizeRel|x64.ActiveCfg = MinSizeRel|x64
		{CD3A8B89-3BAF-36C4-A400-D35BFDA45047}.MinSizeRel|x64.Build.0 = MinSizeRel|x64
		{CD3A8B89-3BAF-36C4-A400-D35BFDA45047}.RelWithDebInfo|x64.ActiveCfg = RelWithDebInfo|x64
		{CD3A8B89-3BAF-36C4-A400-D35BFDA45047}.RelWithDebInfo|x64.Build.0 = RelWithDebInfo|x64
	EndGlobalSection
	GlobalSection(NestedProjects) = preSolution
		{1773F080-BE3B-3B43-A9C5-312D1AEA66AB} = {9C391E7B-4B98-319D-8545-181D87BFF04A}
		{61C176D9-7177-3C55-9549-025AE17B3AF4} = {9C391E7B-4B98-319D-8545-181D87BFF04A}
		{25EB2661-069A-30F1-B688-28DB50F8B7E1} = {9C391E7B-4B98-319D-8545-181D87BFF04A}
		{C7A8C420-BBD5-3047-AEF8-05239B2856B1} = {9C391E7B-4B98-319D-8545-181D87BFF04A}
		{CD3A8B89-3BAF-36C4-A400-D35BFDA45047} = {9C391E7B-4B98-319D-8545-181D87BFF04A}
	EndGlobalSection
	GlobalSection(ExtensibilityGlobals) = postSolution
		SolutionGuid = {4429BF13-6A45-37B4-85CB-F3F788637293}
	EndGlobalSection
	GlobalSection(ExtensibilityAddIns) = postSolution
	EndGlobalSection
EndGlobal
