<?xml version="1.0" encoding="utf-8"?>
<Project ToolsVersion="17.0" xmlns="http://schemas.microsoft.com/developer/msbuild/2003">
  <ItemGroup>
    <ClCompile Include="D:\Project\Application\FaceRecognitionPart\cmake-3.27.7\Utilities\cmlibuv\src\fs-poll.c">
      <Filter>Source Files</Filter>
    </ClCompile>
    <ClCompile Include="D:\Project\Application\FaceRecognitionPart\cmake-3.27.7\Utilities\cmlibuv\src\idna.c">
      <Filter>Source Files</Filter>
    </ClCompile>
    <ClCompile Include="D:\Project\Application\FaceRecognitionPart\cmake-3.27.7\Utilities\cmlibuv\src\inet.c">
      <Filter>Source Files</Filter>
    </ClCompile>
    <ClCompile Include="D:\Project\Application\FaceRecognitionPart\cmake-3.27.7\Utilities\cmlibuv\src\strscpy.c">
      <Filter>Source Files</Filter>
    </ClCompile>
    <ClCompile Include="D:\Project\Application\FaceRecognitionPart\cmake-3.27.7\Utilities\cmlibuv\src\strtok.c">
      <Filter>Source Files</Filter>
    </ClCompile>
    <ClCompile Include="D:\Project\Application\FaceRecognitionPart\cmake-3.27.7\Utilities\cmlibuv\src\threadpool.c">
      <Filter>Source Files</Filter>
    </ClCompile>
    <ClCompile Include="D:\Project\Application\FaceRecognitionPart\cmake-3.27.7\Utilities\cmlibuv\src\timer.c">
      <Filter>Source Files</Filter>
    </ClCompile>
    <ClCompile Include="D:\Project\Application\FaceRecognitionPart\cmake-3.27.7\Utilities\cmlibuv\src\uv-common.c">
      <Filter>Source Files</Filter>
    </ClCompile>
    <ClCompile Include="D:\Project\Application\FaceRecognitionPart\cmake-3.27.7\Utilities\cmlibuv\src\uv-data-getter-setters.c">
      <Filter>Source Files</Filter>
    </ClCompile>
    <ClCompile Include="D:\Project\Application\FaceRecognitionPart\cmake-3.27.7\Utilities\cmlibuv\src\version.c">
      <Filter>Source Files</Filter>
    </ClCompile>
    <ClCompile Include="D:\Project\Application\FaceRecognitionPart\cmake-3.27.7\Utilities\cmlibuv\src\win\async.c">
      <Filter>Source Files</Filter>
    </ClCompile>
    <ClCompile Include="D:\Project\Application\FaceRecognitionPart\cmake-3.27.7\Utilities\cmlibuv\src\win\core.c">
      <Filter>Source Files</Filter>
    </ClCompile>
    <ClCompile Include="D:\Project\Application\FaceRecognitionPart\cmake-3.27.7\Utilities\cmlibuv\src\win\detect-wakeup.c">
      <Filter>Source Files</Filter>
    </ClCompile>
    <ClCompile Include="D:\Project\Application\FaceRecognitionPart\cmake-3.27.7\Utilities\cmlibuv\src\win\dl.c">
      <Filter>Source Files</Filter>
    </ClCompile>
    <ClCompile Include="D:\Project\Application\FaceRecognitionPart\cmake-3.27.7\Utilities\cmlibuv\src\win\error.c">
      <Filter>Source Files</Filter>
    </ClCompile>
    <ClCompile Include="D:\Project\Application\FaceRecognitionPart\cmake-3.27.7\Utilities\cmlibuv\src\win\fs-event.c">
      <Filter>Source Files</Filter>
    </ClCompile>
    <ClCompile Include="D:\Project\Application\FaceRecognitionPart\cmake-3.27.7\Utilities\cmlibuv\src\win\fs.c">
      <Filter>Source Files</Filter>
    </ClCompile>
    <ClCompile Include="D:\Project\Application\FaceRecognitionPart\cmake-3.27.7\Utilities\cmlibuv\src\win\getaddrinfo.c">
      <Filter>Source Files</Filter>
    </ClCompile>
    <ClCompile Include="D:\Project\Application\FaceRecognitionPart\cmake-3.27.7\Utilities\cmlibuv\src\win\getnameinfo.c">
      <Filter>Source Files</Filter>
    </ClCompile>
    <ClCompile Include="D:\Project\Application\FaceRecognitionPart\cmake-3.27.7\Utilities\cmlibuv\src\win\handle.c">
      <Filter>Source Files</Filter>
    </ClCompile>
    <ClCompile Include="D:\Project\Application\FaceRecognitionPart\cmake-3.27.7\Utilities\cmlibuv\src\win\loop-watcher.c">
      <Filter>Source Files</Filter>
    </ClCompile>
    <ClCompile Include="D:\Project\Application\FaceRecognitionPart\cmake-3.27.7\Utilities\cmlibuv\src\win\pipe.c">
      <Filter>Source Files</Filter>
    </ClCompile>
    <ClCompile Include="D:\Project\Application\FaceRecognitionPart\cmake-3.27.7\Utilities\cmlibuv\src\win\poll.c">
      <Filter>Source Files</Filter>
    </ClCompile>
    <ClCompile Include="D:\Project\Application\FaceRecognitionPart\cmake-3.27.7\Utilities\cmlibuv\src\win\process-stdio.c">
      <Filter>Source Files</Filter>
    </ClCompile>
    <ClCompile Include="D:\Project\Application\FaceRecognitionPart\cmake-3.27.7\Utilities\cmlibuv\src\win\process.c">
      <Filter>Source Files</Filter>
    </ClCompile>
    <ClCompile Include="D:\Project\Application\FaceRecognitionPart\cmake-3.27.7\Utilities\cmlibuv\src\win\signal.c">
      <Filter>Source Files</Filter>
    </ClCompile>
    <ClCompile Include="D:\Project\Application\FaceRecognitionPart\cmake-3.27.7\Utilities\cmlibuv\src\win\snprintf.c">
      <Filter>Source Files</Filter>
    </ClCompile>
    <ClCompile Include="D:\Project\Application\FaceRecognitionPart\cmake-3.27.7\Utilities\cmlibuv\src\win\stream.c">
      <Filter>Source Files</Filter>
    </ClCompile>
    <ClCompile Include="D:\Project\Application\FaceRecognitionPart\cmake-3.27.7\Utilities\cmlibuv\src\win\tcp.c">
      <Filter>Source Files</Filter>
    </ClCompile>
    <ClCompile Include="D:\Project\Application\FaceRecognitionPart\cmake-3.27.7\Utilities\cmlibuv\src\win\thread.c">
      <Filter>Source Files</Filter>
    </ClCompile>
    <ClCompile Include="D:\Project\Application\FaceRecognitionPart\cmake-3.27.7\Utilities\cmlibuv\src\win\tty.c">
      <Filter>Source Files</Filter>
    </ClCompile>
    <ClCompile Include="D:\Project\Application\FaceRecognitionPart\cmake-3.27.7\Utilities\cmlibuv\src\win\udp.c">
      <Filter>Source Files</Filter>
    </ClCompile>
    <ClCompile Include="D:\Project\Application\FaceRecognitionPart\cmake-3.27.7\Utilities\cmlibuv\src\win\util.c">
      <Filter>Source Files</Filter>
    </ClCompile>
    <ClCompile Include="D:\Project\Application\FaceRecognitionPart\cmake-3.27.7\Utilities\cmlibuv\src\win\winapi.c">
      <Filter>Source Files</Filter>
    </ClCompile>
    <ClCompile Include="D:\Project\Application\FaceRecognitionPart\cmake-3.27.7\Utilities\cmlibuv\src\win\winsock.c">
      <Filter>Source Files</Filter>
    </ClCompile>
  </ItemGroup>
  <ItemGroup>
    <ClInclude Include="D:\Project\Application\FaceRecognitionPart\cmake-3.27.7\Utilities\cmlibuv\src\heap-inl.h">
      <Filter>Header Files</Filter>
    </ClInclude>
    <ClInclude Include="D:\Project\Application\FaceRecognitionPart\cmake-3.27.7\Utilities\cmlibuv\src\idna.h">
      <Filter>Header Files</Filter>
    </ClInclude>
    <ClInclude Include="D:\Project\Application\FaceRecognitionPart\cmake-3.27.7\Utilities\cmlibuv\src\queue.h">
      <Filter>Header Files</Filter>
    </ClInclude>
    <ClInclude Include="D:\Project\Application\FaceRecognitionPart\cmake-3.27.7\Utilities\cmlibuv\src\strscpy.h">
      <Filter>Header Files</Filter>
    </ClInclude>
    <ClInclude Include="D:\Project\Application\FaceRecognitionPart\cmake-3.27.7\Utilities\cmlibuv\src\strtok.h">
      <Filter>Header Files</Filter>
    </ClInclude>
    <ClInclude Include="D:\Project\Application\FaceRecognitionPart\cmake-3.27.7\Utilities\cmlibuv\src\uv-common.h">
      <Filter>Header Files</Filter>
    </ClInclude>
    <ClInclude Include="D:\Project\Application\FaceRecognitionPart\cmake-3.27.7\Utilities\cmlibuv\src\win\atomicops-inl.h">
      <Filter>Header Files</Filter>
    </ClInclude>
    <ClInclude Include="D:\Project\Application\FaceRecognitionPart\cmake-3.27.7\Utilities\cmlibuv\src\win\handle-inl.h">
      <Filter>Header Files</Filter>
    </ClInclude>
    <ClInclude Include="D:\Project\Application\FaceRecognitionPart\cmake-3.27.7\Utilities\cmlibuv\src\win\internal.h">
      <Filter>Header Files</Filter>
    </ClInclude>
    <ClInclude Include="D:\Project\Application\FaceRecognitionPart\cmake-3.27.7\Utilities\cmlibuv\src\win\req-inl.h">
      <Filter>Header Files</Filter>
    </ClInclude>
    <ClInclude Include="D:\Project\Application\FaceRecognitionPart\cmake-3.27.7\Utilities\cmlibuv\src\win\stream-inl.h">
      <Filter>Header Files</Filter>
    </ClInclude>
    <ClInclude Include="D:\Project\Application\FaceRecognitionPart\cmake-3.27.7\Utilities\cmlibuv\src\win\winapi.h">
      <Filter>Header Files</Filter>
    </ClInclude>
    <ClInclude Include="D:\Project\Application\FaceRecognitionPart\cmake-3.27.7\Utilities\cmlibuv\src\win\winsock.h">
      <Filter>Header Files</Filter>
    </ClInclude>
  </ItemGroup>
  <ItemGroup>
    <CustomBuild Include="D:\Project\Application\FaceRecognitionPart\cmake-3.27.7\Utilities\cmlibuv\CMakeLists.txt" />
  </ItemGroup>
  <ItemGroup>
    <Filter Include="Header Files">
      <UniqueIdentifier>{2F041D27-F8CE-39D9-8CC1-BE437732C872}</UniqueIdentifier>
    </Filter>
    <Filter Include="Source Files">
      <UniqueIdentifier>{EB76C1A6-7D49-31BE-8DA6-BAA568A908AF}</UniqueIdentifier>
    </Filter>
  </ItemGroup>
</Project>
