<?xml version="1.0" encoding="utf-8"?>
<Project ToolsVersion="17.0" xmlns="http://schemas.microsoft.com/developer/msbuild/2003">
  <ItemGroup>
    <ClCompile Include="D:\Project\Application\FaceRecognitionPart\myenv\Tests\CMakeLib\CMakeLibTests.cxx">
      <Filter>Source Files</Filter>
    </ClCompile>
    <ClCompile Include="D:\Project\Application\FaceRecognitionPart\cmake-3.27.7\Tests\CMakeLib\testArgumentParser.cxx">
      <Filter>Source Files</Filter>
    </ClCompile>
    <ClCompile Include="D:\Project\Application\FaceRecognitionPart\cmake-3.27.7\Tests\CMakeLib\testCTestBinPacker.cxx">
      <Filter>Source Files</Filter>
    </ClCompile>
    <ClCompile Include="D:\Project\Application\FaceRecognitionPart\cmake-3.27.7\Tests\CMakeLib\testCTestResourceAllocator.cxx">
      <Filter>Source Files</Filter>
    </ClCompile>
    <ClCompile Include="D:\Project\Application\FaceRecognitionPart\cmake-3.27.7\Tests\CMakeLib\testCTestResourceSpec.cxx">
      <Filter>Source Files</Filter>
    </ClCompile>
    <ClCompile Include="D:\Project\Application\FaceRecognitionPart\cmake-3.27.7\Tests\CMakeLib\testCTestResourceGroups.cxx">
      <Filter>Source Files</Filter>
    </ClCompile>
    <ClCompile Include="D:\Project\Application\FaceRecognitionPart\cmake-3.27.7\Tests\CMakeLib\testGccDepfileReader.cxx">
      <Filter>Source Files</Filter>
    </ClCompile>
    <ClCompile Include="D:\Project\Application\FaceRecognitionPart\cmake-3.27.7\Tests\CMakeLib\testGeneratedFileStream.cxx">
      <Filter>Source Files</Filter>
    </ClCompile>
    <ClCompile Include="D:\Project\Application\FaceRecognitionPart\cmake-3.27.7\Tests\CMakeLib\testJSONHelpers.cxx">
      <Filter>Source Files</Filter>
    </ClCompile>
    <ClCompile Include="D:\Project\Application\FaceRecognitionPart\cmake-3.27.7\Tests\CMakeLib\testRST.cxx">
      <Filter>Source Files</Filter>
    </ClCompile>
    <ClCompile Include="D:\Project\Application\FaceRecognitionPart\cmake-3.27.7\Tests\CMakeLib\testRange.cxx">
      <Filter>Source Files</Filter>
    </ClCompile>
    <ClCompile Include="D:\Project\Application\FaceRecognitionPart\cmake-3.27.7\Tests\CMakeLib\testOptional.cxx">
      <Filter>Source Files</Filter>
    </ClCompile>
    <ClCompile Include="D:\Project\Application\FaceRecognitionPart\cmake-3.27.7\Tests\CMakeLib\testString.cxx">
      <Filter>Source Files</Filter>
    </ClCompile>
    <ClCompile Include="D:\Project\Application\FaceRecognitionPart\cmake-3.27.7\Tests\CMakeLib\testStringAlgorithms.cxx">
      <Filter>Source Files</Filter>
    </ClCompile>
    <ClCompile Include="D:\Project\Application\FaceRecognitionPart\cmake-3.27.7\Tests\CMakeLib\testSystemTools.cxx">
      <Filter>Source Files</Filter>
    </ClCompile>
    <ClCompile Include="D:\Project\Application\FaceRecognitionPart\cmake-3.27.7\Tests\CMakeLib\testUTF8.cxx">
      <Filter>Source Files</Filter>
    </ClCompile>
    <ClCompile Include="D:\Project\Application\FaceRecognitionPart\cmake-3.27.7\Tests\CMakeLib\testXMLParser.cxx">
      <Filter>Source Files</Filter>
    </ClCompile>
    <ClCompile Include="D:\Project\Application\FaceRecognitionPart\cmake-3.27.7\Tests\CMakeLib\testXMLSafe.cxx">
      <Filter>Source Files</Filter>
    </ClCompile>
    <ClCompile Include="D:\Project\Application\FaceRecognitionPart\cmake-3.27.7\Tests\CMakeLib\testFindPackageCommand.cxx">
      <Filter>Source Files</Filter>
    </ClCompile>
    <ClCompile Include="D:\Project\Application\FaceRecognitionPart\cmake-3.27.7\Tests\CMakeLib\testUVProcessChain.cxx">
      <Filter>Source Files</Filter>
    </ClCompile>
    <ClCompile Include="D:\Project\Application\FaceRecognitionPart\cmake-3.27.7\Tests\CMakeLib\testUVRAII.cxx">
      <Filter>Source Files</Filter>
    </ClCompile>
    <ClCompile Include="D:\Project\Application\FaceRecognitionPart\cmake-3.27.7\Tests\CMakeLib\testUVStreambuf.cxx">
      <Filter>Source Files</Filter>
    </ClCompile>
    <ClCompile Include="D:\Project\Application\FaceRecognitionPart\cmake-3.27.7\Tests\CMakeLib\testCMExtMemory.cxx">
      <Filter>Source Files</Filter>
    </ClCompile>
    <ClCompile Include="D:\Project\Application\FaceRecognitionPart\cmake-3.27.7\Tests\CMakeLib\testCMExtAlgorithm.cxx">
      <Filter>Source Files</Filter>
    </ClCompile>
    <ClCompile Include="D:\Project\Application\FaceRecognitionPart\cmake-3.27.7\Tests\CMakeLib\testCMExtEnumSet.cxx">
      <Filter>Source Files</Filter>
    </ClCompile>
    <ClCompile Include="D:\Project\Application\FaceRecognitionPart\cmake-3.27.7\Tests\CMakeLib\testList.cxx">
      <Filter>Source Files</Filter>
    </ClCompile>
    <ClCompile Include="D:\Project\Application\FaceRecognitionPart\cmake-3.27.7\Tests\CMakeLib\testDebuggerAdapter.cxx">
      <Filter>Source Files</Filter>
    </ClCompile>
    <ClCompile Include="D:\Project\Application\FaceRecognitionPart\cmake-3.27.7\Tests\CMakeLib\testDebuggerAdapterPipe.cxx">
      <Filter>Source Files</Filter>
    </ClCompile>
    <ClCompile Include="D:\Project\Application\FaceRecognitionPart\cmake-3.27.7\Tests\CMakeLib\testDebuggerBreakpointManager.cxx">
      <Filter>Source Files</Filter>
    </ClCompile>
    <ClCompile Include="D:\Project\Application\FaceRecognitionPart\cmake-3.27.7\Tests\CMakeLib\testDebuggerVariables.cxx">
      <Filter>Source Files</Filter>
    </ClCompile>
    <ClCompile Include="D:\Project\Application\FaceRecognitionPart\cmake-3.27.7\Tests\CMakeLib\testDebuggerVariablesHelper.cxx">
      <Filter>Source Files</Filter>
    </ClCompile>
    <ClCompile Include="D:\Project\Application\FaceRecognitionPart\cmake-3.27.7\Tests\CMakeLib\testDebuggerVariablesManager.cxx">
      <Filter>Source Files</Filter>
    </ClCompile>
    <ClCompile Include="D:\Project\Application\FaceRecognitionPart\cmake-3.27.7\Tests\CMakeLib\testVisualStudioSlnParser.cxx">
      <Filter>Source Files</Filter>
    </ClCompile>
  </ItemGroup>
  <ItemGroup>
    <CustomBuild Include="D:\Project\Application\FaceRecognitionPart\cmake-3.27.7\Tests\CMakeLib\CMakeLists.txt" />
  </ItemGroup>
  <ItemGroup>
    <Filter Include="Source Files">
      <UniqueIdentifier>{EB76C1A6-7D49-31BE-8DA6-BAA568A908AF}</UniqueIdentifier>
    </Filter>
  </ItemGroup>
</Project>
