<?xml version="1.0" encoding="utf-8"?>
<Project ToolsVersion="17.0" xmlns="http://schemas.microsoft.com/developer/msbuild/2003">
  <ItemGroup>
    <ClCompile Include="D:\Project\Application\FaceRecognitionPart\cmake-3.27.7\Source\cmCTest.cxx">
      <Filter>Source Files</Filter>
    </ClCompile>
    <ClCompile Include="D:\Project\Application\FaceRecognitionPart\cmake-3.27.7\Source\CTest\cmProcess.cxx">
      <Filter>Source Files</Filter>
    </ClCompile>
    <ClCompile Include="D:\Project\Application\FaceRecognitionPart\cmake-3.27.7\Source\CTest\cmCTestBinPacker.cxx">
      <Filter>Source Files</Filter>
    </ClCompile>
    <ClCompile Include="D:\Project\Application\FaceRecognitionPart\cmake-3.27.7\Source\CTest\cmCTestBuildAndTestHandler.cxx">
      <Filter>Source Files</Filter>
    </ClCompile>
    <ClCompile Include="D:\Project\Application\FaceRecognitionPart\cmake-3.27.7\Source\CTest\cmCTestBuildCommand.cxx">
      <Filter>Source Files</Filter>
    </ClCompile>
    <ClCompile Include="D:\Project\Application\FaceRecognitionPart\cmake-3.27.7\Source\CTest\cmCTestBuildHandler.cxx">
      <Filter>Source Files</Filter>
    </ClCompile>
    <ClCompile Include="D:\Project\Application\FaceRecognitionPart\cmake-3.27.7\Source\CTest\cmCTestConfigureCommand.cxx">
      <Filter>Source Files</Filter>
    </ClCompile>
    <ClCompile Include="D:\Project\Application\FaceRecognitionPart\cmake-3.27.7\Source\CTest\cmCTestConfigureHandler.cxx">
      <Filter>Source Files</Filter>
    </ClCompile>
    <ClCompile Include="D:\Project\Application\FaceRecognitionPart\cmake-3.27.7\Source\CTest\cmCTestCoverageCommand.cxx">
      <Filter>Source Files</Filter>
    </ClCompile>
    <ClCompile Include="D:\Project\Application\FaceRecognitionPart\cmake-3.27.7\Source\CTest\cmCTestCoverageHandler.cxx">
      <Filter>Source Files</Filter>
    </ClCompile>
    <ClCompile Include="D:\Project\Application\FaceRecognitionPart\cmake-3.27.7\Source\CTest\cmCTestCurl.cxx">
      <Filter>Source Files</Filter>
    </ClCompile>
    <ClCompile Include="D:\Project\Application\FaceRecognitionPart\cmake-3.27.7\Source\CTest\cmParseMumpsCoverage.cxx">
      <Filter>Source Files</Filter>
    </ClCompile>
    <ClCompile Include="D:\Project\Application\FaceRecognitionPart\cmake-3.27.7\Source\CTest\cmParseCacheCoverage.cxx">
      <Filter>Source Files</Filter>
    </ClCompile>
    <ClCompile Include="D:\Project\Application\FaceRecognitionPart\cmake-3.27.7\Source\CTest\cmParseGTMCoverage.cxx">
      <Filter>Source Files</Filter>
    </ClCompile>
    <ClCompile Include="D:\Project\Application\FaceRecognitionPart\cmake-3.27.7\Source\CTest\cmParseJacocoCoverage.cxx">
      <Filter>Source Files</Filter>
    </ClCompile>
    <ClCompile Include="D:\Project\Application\FaceRecognitionPart\cmake-3.27.7\Source\CTest\cmParseBlanketJSCoverage.cxx">
      <Filter>Source Files</Filter>
    </ClCompile>
    <ClCompile Include="D:\Project\Application\FaceRecognitionPart\cmake-3.27.7\Source\CTest\cmParsePHPCoverage.cxx">
      <Filter>Source Files</Filter>
    </ClCompile>
    <ClCompile Include="D:\Project\Application\FaceRecognitionPart\cmake-3.27.7\Source\CTest\cmParseCoberturaCoverage.cxx">
      <Filter>Source Files</Filter>
    </ClCompile>
    <ClCompile Include="D:\Project\Application\FaceRecognitionPart\cmake-3.27.7\Source\CTest\cmParseDelphiCoverage.cxx">
      <Filter>Source Files</Filter>
    </ClCompile>
    <ClCompile Include="D:\Project\Application\FaceRecognitionPart\cmake-3.27.7\Source\CTest\cmCTestEmptyBinaryDirectoryCommand.cxx">
      <Filter>Source Files</Filter>
    </ClCompile>
    <ClCompile Include="D:\Project\Application\FaceRecognitionPart\cmake-3.27.7\Source\CTest\cmCTestGenericHandler.cxx">
      <Filter>Source Files</Filter>
    </ClCompile>
    <ClCompile Include="D:\Project\Application\FaceRecognitionPart\cmake-3.27.7\Source\CTest\cmCTestHandlerCommand.cxx">
      <Filter>Source Files</Filter>
    </ClCompile>
    <ClCompile Include="D:\Project\Application\FaceRecognitionPart\cmake-3.27.7\Source\CTest\cmCTestResourceAllocator.cxx">
      <Filter>Source Files</Filter>
    </ClCompile>
    <ClCompile Include="D:\Project\Application\FaceRecognitionPart\cmake-3.27.7\Source\CTest\cmCTestResourceSpec.cxx">
      <Filter>Source Files</Filter>
    </ClCompile>
    <ClCompile Include="D:\Project\Application\FaceRecognitionPart\cmake-3.27.7\Source\CTest\cmCTestLaunch.cxx">
      <Filter>Source Files</Filter>
    </ClCompile>
    <ClCompile Include="D:\Project\Application\FaceRecognitionPart\cmake-3.27.7\Source\CTest\cmCTestLaunchReporter.cxx">
      <Filter>Source Files</Filter>
    </ClCompile>
    <ClCompile Include="D:\Project\Application\FaceRecognitionPart\cmake-3.27.7\Source\CTest\cmCTestMemCheckCommand.cxx">
      <Filter>Source Files</Filter>
    </ClCompile>
    <ClCompile Include="D:\Project\Application\FaceRecognitionPart\cmake-3.27.7\Source\CTest\cmCTestMemCheckHandler.cxx">
      <Filter>Source Files</Filter>
    </ClCompile>
    <ClCompile Include="D:\Project\Application\FaceRecognitionPart\cmake-3.27.7\Source\CTest\cmCTestMultiProcessHandler.cxx">
      <Filter>Source Files</Filter>
    </ClCompile>
    <ClCompile Include="D:\Project\Application\FaceRecognitionPart\cmake-3.27.7\Source\CTest\cmCTestReadCustomFilesCommand.cxx">
      <Filter>Source Files</Filter>
    </ClCompile>
    <ClCompile Include="D:\Project\Application\FaceRecognitionPart\cmake-3.27.7\Source\CTest\cmCTestResourceGroupsLexerHelper.cxx">
      <Filter>Source Files</Filter>
    </ClCompile>
    <ClCompile Include="D:\Project\Application\FaceRecognitionPart\cmake-3.27.7\Source\CTest\cmCTestRunScriptCommand.cxx">
      <Filter>Source Files</Filter>
    </ClCompile>
    <ClCompile Include="D:\Project\Application\FaceRecognitionPart\cmake-3.27.7\Source\CTest\cmCTestRunTest.cxx">
      <Filter>Source Files</Filter>
    </ClCompile>
    <ClCompile Include="D:\Project\Application\FaceRecognitionPart\cmake-3.27.7\Source\CTest\cmCTestScriptHandler.cxx">
      <Filter>Source Files</Filter>
    </ClCompile>
    <ClCompile Include="D:\Project\Application\FaceRecognitionPart\cmake-3.27.7\Source\CTest\cmCTestSleepCommand.cxx">
      <Filter>Source Files</Filter>
    </ClCompile>
    <ClCompile Include="D:\Project\Application\FaceRecognitionPart\cmake-3.27.7\Source\CTest\cmCTestStartCommand.cxx">
      <Filter>Source Files</Filter>
    </ClCompile>
    <ClCompile Include="D:\Project\Application\FaceRecognitionPart\cmake-3.27.7\Source\CTest\cmCTestSubmitCommand.cxx">
      <Filter>Source Files</Filter>
    </ClCompile>
    <ClCompile Include="D:\Project\Application\FaceRecognitionPart\cmake-3.27.7\Source\CTest\cmCTestSubmitHandler.cxx">
      <Filter>Source Files</Filter>
    </ClCompile>
    <ClCompile Include="D:\Project\Application\FaceRecognitionPart\cmake-3.27.7\Source\CTest\cmCTestTestCommand.cxx">
      <Filter>Source Files</Filter>
    </ClCompile>
    <ClCompile Include="D:\Project\Application\FaceRecognitionPart\cmake-3.27.7\Source\CTest\cmCTestTestHandler.cxx">
      <Filter>Source Files</Filter>
    </ClCompile>
    <ClCompile Include="D:\Project\Application\FaceRecognitionPart\cmake-3.27.7\Source\CTest\cmCTestTestMeasurementXMLParser.cxx">
      <Filter>Source Files</Filter>
    </ClCompile>
    <ClCompile Include="D:\Project\Application\FaceRecognitionPart\cmake-3.27.7\Source\CTest\cmCTestUpdateCommand.cxx">
      <Filter>Source Files</Filter>
    </ClCompile>
    <ClCompile Include="D:\Project\Application\FaceRecognitionPart\cmake-3.27.7\Source\CTest\cmCTestUpdateHandler.cxx">
      <Filter>Source Files</Filter>
    </ClCompile>
    <ClCompile Include="D:\Project\Application\FaceRecognitionPart\cmake-3.27.7\Source\CTest\cmCTestUploadCommand.cxx">
      <Filter>Source Files</Filter>
    </ClCompile>
    <ClCompile Include="D:\Project\Application\FaceRecognitionPart\cmake-3.27.7\Source\CTest\cmCTestUploadHandler.cxx">
      <Filter>Source Files</Filter>
    </ClCompile>
    <ClCompile Include="D:\Project\Application\FaceRecognitionPart\cmake-3.27.7\Source\CTest\cmCTestVC.cxx">
      <Filter>Source Files</Filter>
    </ClCompile>
    <ClCompile Include="D:\Project\Application\FaceRecognitionPart\cmake-3.27.7\Source\CTest\cmCTestGlobalVC.cxx">
      <Filter>Source Files</Filter>
    </ClCompile>
    <ClCompile Include="D:\Project\Application\FaceRecognitionPart\cmake-3.27.7\Source\CTest\cmCTestCVS.cxx">
      <Filter>Source Files</Filter>
    </ClCompile>
    <ClCompile Include="D:\Project\Application\FaceRecognitionPart\cmake-3.27.7\Source\CTest\cmCTestSVN.cxx">
      <Filter>Source Files</Filter>
    </ClCompile>
    <ClCompile Include="D:\Project\Application\FaceRecognitionPart\cmake-3.27.7\Source\CTest\cmCTestBZR.cxx">
      <Filter>Source Files</Filter>
    </ClCompile>
    <ClCompile Include="D:\Project\Application\FaceRecognitionPart\cmake-3.27.7\Source\CTest\cmCTestGIT.cxx">
      <Filter>Source Files</Filter>
    </ClCompile>
    <ClCompile Include="D:\Project\Application\FaceRecognitionPart\cmake-3.27.7\Source\CTest\cmCTestHG.cxx">
      <Filter>Source Files</Filter>
    </ClCompile>
    <ClCompile Include="D:\Project\Application\FaceRecognitionPart\cmake-3.27.7\Source\CTest\cmCTestP4.cxx">
      <Filter>Source Files</Filter>
    </ClCompile>
    <ClCompile Include="D:\Project\Application\FaceRecognitionPart\cmake-3.27.7\Source\LexerParser\cmCTestResourceGroupsLexer.cxx">
      <Filter>Source Files</Filter>
    </ClCompile>
  </ItemGroup>
  <ItemGroup>
    <ClInclude Include="D:\Project\Application\FaceRecognitionPart\cmake-3.27.7\Source\CTest\cmCTestVC.h">
      <Filter>Header Files</Filter>
    </ClInclude>
    <ClInclude Include="D:\Project\Application\FaceRecognitionPart\cmake-3.27.7\Source\CTest\cmCTestGlobalVC.h">
      <Filter>Header Files</Filter>
    </ClInclude>
    <ClInclude Include="D:\Project\Application\FaceRecognitionPart\cmake-3.27.7\Source\CTest\cmCTestCVS.h">
      <Filter>Header Files</Filter>
    </ClInclude>
    <ClInclude Include="D:\Project\Application\FaceRecognitionPart\cmake-3.27.7\Source\CTest\cmCTestSVN.h">
      <Filter>Header Files</Filter>
    </ClInclude>
    <ClInclude Include="D:\Project\Application\FaceRecognitionPart\cmake-3.27.7\Source\CTest\cmCTestBZR.h">
      <Filter>Header Files</Filter>
    </ClInclude>
    <ClInclude Include="D:\Project\Application\FaceRecognitionPart\cmake-3.27.7\Source\CTest\cmCTestGIT.h">
      <Filter>Header Files</Filter>
    </ClInclude>
    <ClInclude Include="D:\Project\Application\FaceRecognitionPart\cmake-3.27.7\Source\CTest\cmCTestHG.h">
      <Filter>Header Files</Filter>
    </ClInclude>
    <ClInclude Include="D:\Project\Application\FaceRecognitionPart\cmake-3.27.7\Source\CTest\cmCTestP4.h">
      <Filter>Header Files</Filter>
    </ClInclude>
    <ClInclude Include="D:\Project\Application\FaceRecognitionPart\cmake-3.27.7\Source\LexerParser\cmCTestResourceGroupsLexer.h">
      <Filter>Header Files</Filter>
    </ClInclude>
  </ItemGroup>
  <ItemGroup>
    <CustomBuild Include="D:\Project\Application\FaceRecognitionPart\cmake-3.27.7\Source\CMakeLists.txt" />
  </ItemGroup>
  <ItemGroup>
    <None Include="D:\Project\Application\FaceRecognitionPart\cmake-3.27.7\Source\LexerParser\cmCTestResourceGroupsLexer.in.l" />
  </ItemGroup>
  <ItemGroup>
    <Filter Include="Header Files">
      <UniqueIdentifier>{2F041D27-F8CE-39D9-8CC1-BE437732C872}</UniqueIdentifier>
    </Filter>
    <Filter Include="Source Files">
      <UniqueIdentifier>{EB76C1A6-7D49-31BE-8DA6-BAA568A908AF}</UniqueIdentifier>
    </Filter>
  </ItemGroup>
</Project>
